
Microsoft Visual Studio Solution File, Format Version 12.00
# Visual Studio Version 17
VisualStudioVersion = 17.13.35931.197 d17.13
MinimumVisualStudioVersion = 10.0.40219.1
Project("{FAE04EC0-301F-11D3-BF4B-00C04F79EFBC}") = "WpfStudyApp01", "WpfStudyApp01\WpfStudyApp01.csproj", "{FC71900A-54DF-4898-9FA0-CEFD0FF2DFCB}"
EndProject
Project("{FAE04EC0-301F-11D3-BF4B-00C04F79EFBC}") = "WpfStudyApp02", "WpfStudyApp02\WpfStudyApp02.csproj", "{928ECF41-79E9-42FA-88BD-CA6A7276FB80}"
EndProject
Project("{FAE04EC0-301F-11D3-BF4B-00C04F79EFBC}") = "WpfStudyApp03", "WpfStudyApp03\WpfStudyApp03.csproj", "{35BB1A3B-3D3A-4E83-9A0E-B6F72511D677}"
EndProject
Project("{FAE04EC0-301F-11D3-BF4B-00C04F79EFBC}") = "WpfStudyApp04", "WpfStudyApp04\WpfStudyApp04.csproj", "{3D04AC18-DFA9-4DD6-A109-8105CAE500BD}"
EndProject
Project("{FAE04EC0-301F-11D3-BF4B-00C04F79EFBC}") = "WpfStudyApp05", "WpfStudyApp05\WpfStudyApp05.csproj", "{8256023A-F274-4B11-B4BE-273746D30C0C}"
EndProject
Global
	GlobalSection(SolutionConfigurationPlatforms) = preSolution
		Debug|Any CPU = Debug|Any CPU
		Release|Any CPU = Release|Any CPU
	EndGlobalSection
	GlobalSection(ProjectConfigurationPlatforms) = postSolution
		{FC71900A-54DF-4898-9FA0-CEFD0FF2DFCB}.Debug|Any CPU.ActiveCfg = Debug|Any CPU
		{FC71900A-54DF-4898-9FA0-CEFD0FF2DFCB}.Debug|Any CPU.Build.0 = Debug|Any CPU
		{FC71900A-54DF-4898-9FA0-CEFD0FF2DFCB}.Release|Any CPU.ActiveCfg = Release|Any CPU
		{FC71900A-54DF-4898-9FA0-CEFD0FF2DFCB}.Release|Any CPU.Build.0 = Release|Any CPU
		{928ECF41-79E9-42FA-88BD-CA6A7276FB80}.Debug|Any CPU.ActiveCfg = Debug|Any CPU
		{928ECF41-79E9-42FA-88BD-CA6A7276FB80}.Debug|Any CPU.Build.0 = Debug|Any CPU
		{928ECF41-79E9-42FA-88BD-CA6A7276FB80}.Release|Any CPU.ActiveCfg = Release|Any CPU
		{928ECF41-79E9-42FA-88BD-CA6A7276FB80}.Release|Any CPU.Build.0 = Release|Any CPU
		{35BB1A3B-3D3A-4E83-9A0E-B6F72511D677}.Debug|Any CPU.ActiveCfg = Debug|Any CPU
		{35BB1A3B-3D3A-4E83-9A0E-B6F72511D677}.Debug|Any CPU.Build.0 = Debug|Any CPU
		{35BB1A3B-3D3A-4E83-9A0E-B6F72511D677}.Release|Any CPU.ActiveCfg = Release|Any CPU
		{35BB1A3B-3D3A-4E83-9A0E-B6F72511D677}.Release|Any CPU.Build.0 = Release|Any CPU
		{3D04AC18-DFA9-4DD6-A109-8105CAE500BD}.Debug|Any CPU.ActiveCfg = Debug|Any CPU
		{3D04AC18-DFA9-4DD6-A109-8105CAE500BD}.Debug|Any CPU.Build.0 = Debug|Any CPU
		{3D04AC18-DFA9-4DD6-A109-8105CAE500BD}.Release|Any CPU.ActiveCfg = Release|Any CPU
		{3D04AC18-DFA9-4DD6-A109-8105CAE500BD}.Release|Any CPU.Build.0 = Release|Any CPU
		{8256023A-F274-4B11-B4BE-273746D30C0C}.Debug|Any CPU.ActiveCfg = Debug|Any CPU
		{8256023A-F274-4B11-B4BE-273746D30C0C}.Debug|Any CPU.Build.0 = Debug|Any CPU
		{8256023A-F274-4B11-B4BE-273746D30C0C}.Release|Any CPU.ActiveCfg = Release|Any CPU
		{8256023A-F274-4B11-B4BE-273746D30C0C}.Release|Any CPU.Build.0 = Release|Any CPU
	EndGlobalSection
	GlobalSection(SolutionProperties) = preSolution
		HideSolutionNode = FALSE
	EndGlobalSection
	GlobalSection(ExtensibilityGlobals) = postSolution
		SolutionGuid = {923B8D08-B6A6-47D4-8A8A-117DEA65FB4A}
	EndGlobalSection
EndGlobal
