
Microsoft Visual Studio Solution File, Format Version 12.00
# Visual Studio Version 17
VisualStudioVersion = 17.13.35931.197
MinimumVisualStudioVersion = 10.0.40219.1
Project("{FAE04EC0-301F-11D3-BF4B-00C04F79EFBC}") = "Ch03_casting", "SelfStudy01\Ch03_casting.csproj", "{7CB7590C-E79D-4CC5-8EA6-7BD902E3CAD5}"
EndProject
Project("{FAE04EC0-301F-11D3-BF4B-00C04F79EFBC}") = "Ch03_variable", "Ch03_variable\Ch03_variable.csproj", "{955575C8-6E62-44B7-9DA3-25B265D65898}"
EndProject
Project("{FAE04EC0-301F-11D3-BF4B-00C04F79EFBC}") = "Ch03_Array", "Ch03_Array\Ch03_Array.csproj", "{DC7AFB9E-FDDA-4DCD-AD40-5EA2F282FA73}"
EndProject
Project("{FAE04EC0-301F-11D3-BF4B-00C04F79EFBC}") = "WinFormPractice", "WinFormPractice\WinFormPractice.csproj", "{B5D0D30F-6EC4-4E2D-B734-0EDA3C2479CF}"
EndProject
Project("{FAE04EC0-301F-11D3-BF4B-00C04F79EFBC}") = "Ch03_Control_Statement", "Ch03_Control_Statement\Ch03_Control_Statement.csproj", "{74B24779-73D8-4C8D-9363-D708DE337C4E}"
EndProject
Project("{FAE04EC0-301F-11D3-BF4B-00C04F79EFBC}") = "ch04_OOP_Class", "ch04_OOP_Class\ch04_OOP_Class.csproj", "{3C71C4F2-FD54-482A-BB7A-1EE0513E827E}"
EndProject
Project("{FAE04EC0-301F-11D3-BF4B-00C04F79EFBC}") = "Ch04_Encapsulation", "Ch04_Encapsulation\Ch04_Encapsulation.csproj", "{8BDB3EAC-B9F4-4CD5-9C3E-FB29FD60BB5B}"
EndProject
Project("{FAE04EC0-301F-11D3-BF4B-00C04F79EFBC}") = "Ch04_Property", "Ch04_Property\Ch04_Property.csproj", "{8C47E772-7379-4528-974C-39D155D449E5}"
EndProject
Project("{FAE04EC0-301F-11D3-BF4B-00C04F79EFBC}") = "Ch04_Inheritance", "Ch04_Inheritance\Ch04_Inheritance.csproj", "{C8898D27-A973-4BBF-B6BF-1F4EAB095513}"
EndProject
Project("{FAE04EC0-301F-11D3-BF4B-00C04F79EFBC}") = "Ch04_Class_Casting", "Ch04_Casting2\Ch04_Class_Casting.csproj", "{1AB04CED-5805-4D31-84FC-DF9FD4FC36E8}"
EndProject
Project("{FAE04EC0-301F-11D3-BF4B-00C04F79EFBC}") = "Ch04_Class_Casting2", "Ch04_Class_Casting2\Ch04_Class_Casting2.csproj", "{A3C7F03E-33EF-4AEF-ADA7-70F4C2D46026}"
EndProject
Project("{FAE04EC0-301F-11D3-BF4B-00C04F79EFBC}") = "RunningTestProject", "RunningTestProject\RunningTestProject.csproj", "{390A7F8E-346F-4E48-B099-BA2E1B28CC10}"
EndProject
Project("{FAE04EC0-301F-11D3-BF4B-00C04F79EFBC}") = "Ch04_ToString", "Ch04_ToString\Ch04_ToString.csproj", "{EBE35D18-F2A9-4EBD-ADCC-76C5F716990C}"
EndProject
Project("{FAE04EC0-301F-11D3-BF4B-00C04F79EFBC}") = "Ch04_GetType", "Ch04_GetType\Ch04_GetType.csproj", "{349E621A-F7F4-44E5-B56C-B2DA546E717A}"
EndProject
Project("{FAE04EC0-301F-11D3-BF4B-00C04F79EFBC}") = "Ch04_Equals", "Ch04_Equals\Ch04_Equals.csproj", "{7EF2464F-86B2-4D14-8C75-5EF437F9AB0D}"
EndProject
Project("{FAE04EC0-301F-11D3-BF4B-00C04F79EFBC}") = "Ch04_this", "Ch04_this\Ch04_this.csproj", "{73560372-48D9-BCBB-DD65-2B12E2EF136F}"
EndProject
Project("{FAE04EC0-301F-11D3-BF4B-00C04F79EFBC}") = "Ch04_base", "Ch04_base\Ch04_base.csproj", "{1117C75F-AB64-45C0-8A71-813C3CEFF4A8}"
EndProject
Project("{FAE04EC0-301F-11D3-BF4B-00C04F79EFBC}") = "Ch04_override", "Ch04_override\Ch04_override.csproj", "{CB549FDC-FEEC-4892-89BC-D1CD534BEEFA}"
EndProject
Project("{FAE04EC0-301F-11D3-BF4B-00C04F79EFBC}") = "Ch04_overload", "Ch04_overload\Ch04_overload.csproj", "{33676FE2-2A7A-4243-818E-4B6D5F399A65}"
EndProject
Project("{FAE04EC0-301F-11D3-BF4B-00C04F79EFBC}") = "Ch04_Operator_overload", "Ch04_Operator_overload\Ch04_Operator_overload.csproj", "{16337836-DD7E-4CE8-B2F5-28376FC61F3C}"
EndProject
Project("{FAE04EC0-301F-11D3-BF4B-00C04F79EFBC}") = "Ch04_explicit", "Ch04_explicit\Ch04_explicit.csproj", "{ACE34AB9-BF10-4575-90D6-7046EE69FE76}"
EndProject
Global
	GlobalSection(SolutionConfigurationPlatforms) = preSolution
		Debug|Any CPU = Debug|Any CPU
		Release|Any CPU = Release|Any CPU
	EndGlobalSection
	GlobalSection(ProjectConfigurationPlatforms) = postSolution
		{7CB7590C-E79D-4CC5-8EA6-7BD902E3CAD5}.Debug|Any CPU.ActiveCfg = Debug|Any CPU
		{7CB7590C-E79D-4CC5-8EA6-7BD902E3CAD5}.Debug|Any CPU.Build.0 = Debug|Any CPU
		{7CB7590C-E79D-4CC5-8EA6-7BD902E3CAD5}.Release|Any CPU.ActiveCfg = Release|Any CPU
		{7CB7590C-E79D-4CC5-8EA6-7BD902E3CAD5}.Release|Any CPU.Build.0 = Release|Any CPU
		{955575C8-6E62-44B7-9DA3-25B265D65898}.Debug|Any CPU.ActiveCfg = Debug|Any CPU
		{955575C8-6E62-44B7-9DA3-25B265D65898}.Debug|Any CPU.Build.0 = Debug|Any CPU
		{955575C8-6E62-44B7-9DA3-25B265D65898}.Release|Any CPU.ActiveCfg = Release|Any CPU
		{955575C8-6E62-44B7-9DA3-25B265D65898}.Release|Any CPU.Build.0 = Release|Any CPU
		{DC7AFB9E-FDDA-4DCD-AD40-5EA2F282FA73}.Debug|Any CPU.ActiveCfg = Debug|Any CPU
		{DC7AFB9E-FDDA-4DCD-AD40-5EA2F282FA73}.Debug|Any CPU.Build.0 = Debug|Any CPU
		{DC7AFB9E-FDDA-4DCD-AD40-5EA2F282FA73}.Release|Any CPU.ActiveCfg = Release|Any CPU
		{DC7AFB9E-FDDA-4DCD-AD40-5EA2F282FA73}.Release|Any CPU.Build.0 = Release|Any CPU
		{B5D0D30F-6EC4-4E2D-B734-0EDA3C2479CF}.Debug|Any CPU.ActiveCfg = Debug|Any CPU
		{B5D0D30F-6EC4-4E2D-B734-0EDA3C2479CF}.Debug|Any CPU.Build.0 = Debug|Any CPU
		{B5D0D30F-6EC4-4E2D-B734-0EDA3C2479CF}.Release|Any CPU.ActiveCfg = Release|Any CPU
		{B5D0D30F-6EC4-4E2D-B734-0EDA3C2479CF}.Release|Any CPU.Build.0 = Release|Any CPU
		{74B24779-73D8-4C8D-9363-D708DE337C4E}.Debug|Any CPU.ActiveCfg = Debug|Any CPU
		{74B24779-73D8-4C8D-9363-D708DE337C4E}.Debug|Any CPU.Build.0 = Debug|Any CPU
		{74B24779-73D8-4C8D-9363-D708DE337C4E}.Release|Any CPU.ActiveCfg = Release|Any CPU
		{74B24779-73D8-4C8D-9363-D708DE337C4E}.Release|Any CPU.Build.0 = Release|Any CPU
		{3C71C4F2-FD54-482A-BB7A-1EE0513E827E}.Debug|Any CPU.ActiveCfg = Debug|Any CPU
		{3C71C4F2-FD54-482A-BB7A-1EE0513E827E}.Debug|Any CPU.Build.0 = Debug|Any CPU
		{3C71C4F2-FD54-482A-BB7A-1EE0513E827E}.Release|Any CPU.ActiveCfg = Release|Any CPU
		{3C71C4F2-FD54-482A-BB7A-1EE0513E827E}.Release|Any CPU.Build.0 = Release|Any CPU
		{8BDB3EAC-B9F4-4CD5-9C3E-FB29FD60BB5B}.Debug|Any CPU.ActiveCfg = Debug|Any CPU
		{8BDB3EAC-B9F4-4CD5-9C3E-FB29FD60BB5B}.Debug|Any CPU.Build.0 = Debug|Any CPU
		{8BDB3EAC-B9F4-4CD5-9C3E-FB29FD60BB5B}.Release|Any CPU.ActiveCfg = Release|Any CPU
		{8BDB3EAC-B9F4-4CD5-9C3E-FB29FD60BB5B}.Release|Any CPU.Build.0 = Release|Any CPU
		{8C47E772-7379-4528-974C-39D155D449E5}.Debug|Any CPU.ActiveCfg = Debug|Any CPU
		{8C47E772-7379-4528-974C-39D155D449E5}.Debug|Any CPU.Build.0 = Debug|Any CPU
		{8C47E772-7379-4528-974C-39D155D449E5}.Release|Any CPU.ActiveCfg = Release|Any CPU
		{8C47E772-7379-4528-974C-39D155D449E5}.Release|Any CPU.Build.0 = Release|Any CPU
		{C8898D27-A973-4BBF-B6BF-1F4EAB095513}.Debug|Any CPU.ActiveCfg = Debug|Any CPU
		{C8898D27-A973-4BBF-B6BF-1F4EAB095513}.Debug|Any CPU.Build.0 = Debug|Any CPU
		{C8898D27-A973-4BBF-B6BF-1F4EAB095513}.Release|Any CPU.ActiveCfg = Release|Any CPU
		{C8898D27-A973-4BBF-B6BF-1F4EAB095513}.Release|Any CPU.Build.0 = Release|Any CPU
		{1AB04CED-5805-4D31-84FC-DF9FD4FC36E8}.Debug|Any CPU.ActiveCfg = Debug|Any CPU
		{1AB04CED-5805-4D31-84FC-DF9FD4FC36E8}.Debug|Any CPU.Build.0 = Debug|Any CPU
		{1AB04CED-5805-4D31-84FC-DF9FD4FC36E8}.Release|Any CPU.ActiveCfg = Release|Any CPU
		{1AB04CED-5805-4D31-84FC-DF9FD4FC36E8}.Release|Any CPU.Build.0 = Release|Any CPU
		{A3C7F03E-33EF-4AEF-ADA7-70F4C2D46026}.Debug|Any CPU.ActiveCfg = Debug|Any CPU
		{A3C7F03E-33EF-4AEF-ADA7-70F4C2D46026}.Debug|Any CPU.Build.0 = Debug|Any CPU
		{A3C7F03E-33EF-4AEF-ADA7-70F4C2D46026}.Release|Any CPU.ActiveCfg = Release|Any CPU
		{A3C7F03E-33EF-4AEF-ADA7-70F4C2D46026}.Release|Any CPU.Build.0 = Release|Any CPU
		{390A7F8E-346F-4E48-B099-BA2E1B28CC10}.Debug|Any CPU.ActiveCfg = Debug|Any CPU
		{390A7F8E-346F-4E48-B099-BA2E1B28CC10}.Debug|Any CPU.Build.0 = Debug|Any CPU
		{390A7F8E-346F-4E48-B099-BA2E1B28CC10}.Release|Any CPU.ActiveCfg = Release|Any CPU
		{390A7F8E-346F-4E48-B099-BA2E1B28CC10}.Release|Any CPU.Build.0 = Release|Any CPU
		{EBE35D18-F2A9-4EBD-ADCC-76C5F716990C}.Debug|Any CPU.ActiveCfg = Debug|Any CPU
		{EBE35D18-F2A9-4EBD-ADCC-76C5F716990C}.Debug|Any CPU.Build.0 = Debug|Any CPU
		{EBE35D18-F2A9-4EBD-ADCC-76C5F716990C}.Release|Any CPU.ActiveCfg = Release|Any CPU
		{EBE35D18-F2A9-4EBD-ADCC-76C5F716990C}.Release|Any CPU.Build.0 = Release|Any CPU
		{349E621A-F7F4-44E5-B56C-B2DA546E717A}.Debug|Any CPU.ActiveCfg = Debug|Any CPU
		{349E621A-F7F4-44E5-B56C-B2DA546E717A}.Debug|Any CPU.Build.0 = Debug|Any CPU
		{349E621A-F7F4-44E5-B56C-B2DA546E717A}.Release|Any CPU.ActiveCfg = Release|Any CPU
		{349E621A-F7F4-44E5-B56C-B2DA546E717A}.Release|Any CPU.Build.0 = Release|Any CPU
		{7EF2464F-86B2-4D14-8C75-5EF437F9AB0D}.Debug|Any CPU.ActiveCfg = Debug|Any CPU
		{7EF2464F-86B2-4D14-8C75-5EF437F9AB0D}.Debug|Any CPU.Build.0 = Debug|Any CPU
		{7EF2464F-86B2-4D14-8C75-5EF437F9AB0D}.Release|Any CPU.ActiveCfg = Release|Any CPU
		{7EF2464F-86B2-4D14-8C75-5EF437F9AB0D}.Release|Any CPU.Build.0 = Release|Any CPU
		{73560372-48D9-BCBB-DD65-2B12E2EF136F}.Debug|Any CPU.ActiveCfg = Debug|Any CPU
		{73560372-48D9-BCBB-DD65-2B12E2EF136F}.Debug|Any CPU.Build.0 = Debug|Any CPU
		{73560372-48D9-BCBB-DD65-2B12E2EF136F}.Release|Any CPU.ActiveCfg = Release|Any CPU
		{73560372-48D9-BCBB-DD65-2B12E2EF136F}.Release|Any CPU.Build.0 = Release|Any CPU
		{1117C75F-AB64-45C0-8A71-813C3CEFF4A8}.Debug|Any CPU.ActiveCfg = Debug|Any CPU
		{1117C75F-AB64-45C0-8A71-813C3CEFF4A8}.Debug|Any CPU.Build.0 = Debug|Any CPU
		{1117C75F-AB64-45C0-8A71-813C3CEFF4A8}.Release|Any CPU.ActiveCfg = Release|Any CPU
		{1117C75F-AB64-45C0-8A71-813C3CEFF4A8}.Release|Any CPU.Build.0 = Release|Any CPU
		{CB549FDC-FEEC-4892-89BC-D1CD534BEEFA}.Debug|Any CPU.ActiveCfg = Debug|Any CPU
		{CB549FDC-FEEC-4892-89BC-D1CD534BEEFA}.Debug|Any CPU.Build.0 = Debug|Any CPU
		{CB549FDC-FEEC-4892-89BC-D1CD534BEEFA}.Release|Any CPU.ActiveCfg = Release|Any CPU
		{CB549FDC-FEEC-4892-89BC-D1CD534BEEFA}.Release|Any CPU.Build.0 = Release|Any CPU
		{33676FE2-2A7A-4243-818E-4B6D5F399A65}.Debug|Any CPU.ActiveCfg = Debug|Any CPU
		{33676FE2-2A7A-4243-818E-4B6D5F399A65}.Debug|Any CPU.Build.0 = Debug|Any CPU
		{33676FE2-2A7A-4243-818E-4B6D5F399A65}.Release|Any CPU.ActiveCfg = Release|Any CPU
		{33676FE2-2A7A-4243-818E-4B6D5F399A65}.Release|Any CPU.Build.0 = Release|Any CPU
		{16337836-DD7E-4CE8-B2F5-28376FC61F3C}.Debug|Any CPU.ActiveCfg = Debug|Any CPU
		{16337836-DD7E-4CE8-B2F5-28376FC61F3C}.Debug|Any CPU.Build.0 = Debug|Any CPU
		{16337836-DD7E-4CE8-B2F5-28376FC61F3C}.Release|Any CPU.ActiveCfg = Release|Any CPU
		{16337836-DD7E-4CE8-B2F5-28376FC61F3C}.Release|Any CPU.Build.0 = Release|Any CPU
		{ACE34AB9-BF10-4575-90D6-7046EE69FE76}.Debug|Any CPU.ActiveCfg = Debug|Any CPU
		{ACE34AB9-BF10-4575-90D6-7046EE69FE76}.Debug|Any CPU.Build.0 = Debug|Any CPU
		{ACE34AB9-BF10-4575-90D6-7046EE69FE76}.Release|Any CPU.ActiveCfg = Release|Any CPU
		{ACE34AB9-BF10-4575-90D6-7046EE69FE76}.Release|Any CPU.Build.0 = Release|Any CPU
	EndGlobalSection
	GlobalSection(SolutionProperties) = preSolution
		HideSolutionNode = FALSE
	EndGlobalSection
	GlobalSection(ExtensibilityGlobals) = postSolution
		SolutionGuid = {F124D471-8B82-46F3-8665-85D28A74D44A}
	EndGlobalSection
EndGlobal
