
Microsoft Visual Studio Solution File, Format Version 12.00
# Visual Studio Version 17
VisualStudioVersion = 17.13.35931.197
MinimumVisualStudioVersion = 10.0.40219.1
Project("{FAE04EC0-301F-11D3-BF4B-00C04F79EFBC}") = "Ch03_casting", "SelfStudy01\Ch03_casting.csproj", "{7CB7590C-E79D-4CC5-8EA6-7BD902E3CAD5}"
EndProject
Project("{FAE04EC0-301F-11D3-BF4B-00C04F79EFBC}") = "Ch03_variable", "Ch03_variable\Ch03_variable.csproj", "{955575C8-6E62-44B7-9DA3-25B265D65898}"
EndProject
Project("{FAE04EC0-301F-11D3-BF4B-00C04F79EFBC}") = "Ch03_Array", "Ch03_Array\Ch03_Array.csproj", "{DC7AFB9E-FDDA-4DCD-AD40-5EA2F282FA73}"
EndProject
Project("{FAE04EC0-301F-11D3-BF4B-00C04F79EFBC}") = "WinFormPractice", "WinFormPractice\WinFormPractice.csproj", "{B5D0D30F-6EC4-4E2D-B734-0EDA3C2479CF}"
EndProject
Project("{FAE04EC0-301F-11D3-BF4B-00C04F79EFBC}") = "Ch03_Control_Statement", "Ch03_Control_Statement\Ch03_Control_Statement.csproj", "{74B24779-73D8-4C8D-9363-D708DE337C4E}"
EndProject
Project("{FAE04EC0-301F-11D3-BF4B-00C04F79EFBC}") = "ch04_OOP_Class", "ch04_OOP_Class\ch04_OOP_Class.csproj", "{3C71C4F2-FD54-482A-BB7A-1EE0513E827E}"
EndProject
Project("{FAE04EC0-301F-11D3-BF4B-00C04F79EFBC}") = "Ch04_Encapsulation", "Ch04_Encapsulation\Ch04_Encapsulation.csproj", "{8BDB3EAC-B9F4-4CD5-9C3E-FB29FD60BB5B}"
EndProject
Project("{FAE04EC0-301F-11D3-BF4B-00C04F79EFBC}") = "Ch04_Property", "Ch04_Property\Ch04_Property.csproj", "{8C47E772-7379-4528-974C-39D155D449E5}"
EndProject
Project("{FAE04EC0-301F-11D3-BF4B-00C04F79EFBC}") = "Ch04_Inheritance", "Ch04_Inheritance\Ch04_Inheritance.csproj", "{C8898D27-A973-4BBF-B6BF-1F4EAB095513}"
EndProject
Project("{FAE04EC0-301F-11D3-BF4B-00C04F79EFBC}") = "Ch04_Class_Casting", "Ch04_Casting2\Ch04_Class_Casting.csproj", "{1AB04CED-5805-4D31-84FC-DF9FD4FC36E8}"
EndProject
Project("{FAE04EC0-301F-11D3-BF4B-00C04F79EFBC}") = "Ch04_Class_Casting2", "Ch04_Class_Casting2\Ch04_Class_Casting2.csproj", "{A3C7F03E-33EF-4AEF-ADA7-70F4C2D46026}"
EndProject
Project("{FAE04EC0-301F-11D3-BF4B-00C04F79EFBC}") = "RunningTestProject", "RunningTestProject\RunningTestProject.csproj", "{390A7F8E-346F-4E48-B099-BA2E1B28CC10}"
EndProject
Project("{FAE04EC0-301F-11D3-BF4B-00C04F79EFBC}") = "Ch04_ToString", "Ch04_ToString\Ch04_ToString.csproj", "{EBE35D18-F2A9-4EBD-ADCC-76C5F716990C}"
EndProject
Project("{FAE04EC0-301F-11D3-BF4B-00C04F79EFBC}") = "Ch04_GetType", "Ch04_GetType\Ch04_GetType.csproj", "{349E621A-F7F4-44E5-B56C-B2DA546E717A}"
EndProject
Project("{FAE04EC0-301F-11D3-BF4B-00C04F79EFBC}") = "Ch04_Equals", "Ch04_Equals\Ch04_Equals.csproj", "{7EF2464F-86B2-4D14-8C75-5EF437F9AB0D}"
EndProject
Project("{FAE04EC0-301F-11D3-BF4B-00C04F79EFBC}") = "Ch04_this", "Ch04_this\Ch04_this.csproj", "{73560372-48D9-BCBB-DD65-2B12E2EF136F}"
EndProject
Project("{FAE04EC0-301F-11D3-BF4B-00C04F79EFBC}") = "Ch04_base", "Ch04_base\Ch04_base.csproj", "{1117C75F-AB64-45C0-8A71-813C3CEFF4A8}"
EndProject
Project("{FAE04EC0-301F-11D3-BF4B-00C04F79EFBC}") = "Ch04_override", "Ch04_override\Ch04_override.csproj", "{CB549FDC-FEEC-4892-89BC-D1CD534BEEFA}"
EndProject
Project("{FAE04EC0-301F-11D3-BF4B-00C04F79EFBC}") = "Ch04_overload", "Ch04_overload\Ch04_overload.csproj", "{33676FE2-2A7A-4243-818E-4B6D5F399A65}"
EndProject
Project("{FAE04EC0-301F-11D3-BF4B-00C04F79EFBC}") = "Ch04_Operator_overload", "Ch04_Operator_overload\Ch04_Operator_overload.csproj", "{16337836-DD7E-4CE8-B2F5-28376FC61F3C}"
EndProject
Project("{FAE04EC0-301F-11D3-BF4B-00C04F79EFBC}") = "Ch04_explicit", "Ch04_explicit\Ch04_explicit.csproj", "{ACE34AB9-BF10-4575-90D6-7046EE69FE76}"
EndProject
Project("{FAE04EC0-301F-11D3-BF4B-00C04F79EFBC}") = "Ch04_Nested_Class", "Ch04_Nested_Class\Ch04_Nested_Class.csproj", "{76CA3F83-B8CB-4853-AFF3-FE36A1D66907}"
EndProject
Project("{FAE04EC0-301F-11D3-BF4B-00C04F79EFBC}") = "Ch04_Abstract_Class", "Ch04_Abstract_Class\Ch04_Abstract_Class.csproj", "{0D1A47C4-D1FA-4E87-BD7D-0ED50EF43E4D}"
EndProject
Project("{FAE04EC0-301F-11D3-BF4B-00C04F79EFBC}") = "Ch04_Delegate", "Ch04_Delegate\Ch04_Delegate.csproj", "{E9C453F8-22A9-4895-A039-132ADCF342CB}"
EndProject
Project("{FAE04EC0-301F-11D3-BF4B-00C04F79EFBC}") = "Ch04_Callback", "Ch04_Callback\Ch04_Callback.csproj", "{8CFEE9C0-0C66-40F6-BF49-B75CD1CBBA70}"
EndProject
Project("{FAE04EC0-301F-11D3-BF4B-00C04F79EFBC}") = "Ch04_Callback2", "Ch04_Callback2\Ch04_Callback2.csproj", "{9D4C0A28-233C-499B-8611-F5E890A85887}"
EndProject
Project("{FAE04EC0-301F-11D3-BF4B-00C04F79EFBC}") = "Ch04_Interface", "Ch04_Interface\Ch04_Interface.csproj", "{471A2375-529E-42FA-86A1-BAADFEF65CC8}"
EndProject
Project("{FAE04EC0-301F-11D3-BF4B-00C04F79EFBC}") = "Ch04_Interface_Callback", "Ch04_Interface_Callback\Ch04_Interface_Callback.csproj", "{27E881DD-0563-4A5D-932B-AF927C613382}"
EndProject
Project("{FAE04EC0-301F-11D3-BF4B-00C04F79EFBC}") = "Ch04_Interface_Array_Sort", "Ch04_Interface_Array_Sort\Ch04_Interface_Array_Sort.csproj", "{602ABD0C-7B7A-4E67-A289-35225DE45468}"
EndProject
Project("{FAE04EC0-301F-11D3-BF4B-00C04F79EFBC}") = "Ch04_Interface_IEnumerable", "Ch04_Interface_IEnumerable\Ch04_Interface_IEnumerable.csproj", "{E9DA31AA-D9C3-466B-A997-8896717E940B}"
EndProject
Project("{FAE04EC0-301F-11D3-BF4B-00C04F79EFBC}") = "Ch04_Loosely_Coupling", "Ch04_Loosely_Coupling\Ch04_Loosely_Coupling.csproj", "{99701AC2-7801-44FD-91E9-5A9D7285A3CE}"
EndProject
Project("{FAE04EC0-301F-11D3-BF4B-00C04F79EFBC}") = "Ch04_Loosely_Coupling2", "Ch04_Loosely_Coupling2\Ch04_Loosely_Coupling2.csproj", "{DF7B1640-DD1C-48D2-B29E-11E989EF8951}"
EndProject
Project("{FAE04EC0-301F-11D3-BF4B-00C04F79EFBC}") = "Ch04_Struct", "Ch04_Struct\Ch04_Struct.csproj", "{C122564F-AA07-44EB-AC06-BC671FBF9B4C}"
EndProject
Project("{FAE04EC0-301F-11D3-BF4B-00C04F79EFBC}") = "Ch04_DeepCopy_ShallowCopy", "Ch04_DeepCopy_ShallowCopy\Ch04_DeepCopy_ShallowCopy.csproj", "{C8060775-E655-4F67-9B4D-E83367053A6D}"
EndProject
Project("{FAE04EC0-301F-11D3-BF4B-00C04F79EFBC}") = "Ch04_ref", "Ch04_ref\Ch04_ref.csproj", "{7AB6832D-83FC-491A-8BA2-2ED62756B8D8}"
EndProject
Project("{FAE04EC0-301F-11D3-BF4B-00C04F79EFBC}") = "Ch04_out", "Ch04_out\Ch04_out.csproj", "{695A5793-87CF-484E-8158-E7A7AE8D3E3F}"
EndProject
Project("{FAE04EC0-301F-11D3-BF4B-00C04F79EFBC}") = "Ch04_enum", "Ch04_enum\Ch04_enum.csproj", "{7EABDBE9-EC50-408C-B33B-982A701CEEAE}"
EndProject
Project("{FAE04EC0-301F-11D3-BF4B-00C04F79EFBC}") = "Ch04_readonly", "Ch04_readonly\Ch04_readonly.csproj", "{F8E5E3BC-D66C-48F5-B3AB-B59720042600}"
EndProject
Project("{FAE04EC0-301F-11D3-BF4B-00C04F79EFBC}") = "Ch04_const", "Ch04_const\Ch04_const.csproj", "{6799E48E-238A-4214-89DD-0B1F3125F7AE}"
EndProject
Project("{FAE04EC0-301F-11D3-BF4B-00C04F79EFBC}") = "Ch04_Event", "Ch04_Event\Ch04_Event.csproj", "{6BB8CFDC-8F34-4BF3-BDE2-47BD988667A0}"
EndProject
Project("{FAE04EC0-301F-11D3-BF4B-00C04F79EFBC}") = "Ch05_params", "Ch05_params\Ch05_params.csproj", "{701029FE-0D9F-4AB7-A7BB-09E0C4E58BEB}"
EndProject
Project("{FAE04EC0-301F-11D3-BF4B-00C04F79EFBC}") = "Ch05_unsafe", "Ch05_unsafe\Ch05_unsafe.csproj", "{371DDF8B-6D00-4E6B-90B4-4A622E959D5D}"
EndProject
Project("{FAE04EC0-301F-11D3-BF4B-00C04F79EFBC}") = "Ch05_multi_source_files", "Ch05_multi_source_files\Ch05_multi_source_files.csproj", "{DD92977B-64EE-4AFD-96F7-33D72097B023}"
EndProject
Project("{FAE04EC0-301F-11D3-BF4B-00C04F79EFBC}") = "Ch05_Exception", "Ch05_Exception\Ch05_Exception.csproj", "{BBB80B95-2C33-45FE-9BF0-678A840B0985}"
EndProject
Project("{FAE04EC0-301F-11D3-BF4B-00C04F79EFBC}") = "Ch05_Stack", "Ch05_Stack\Ch05_Stack.csproj", "{4322BF06-FB18-4C39-B521-7591B2FD32DB}"
EndProject
Project("{FAE04EC0-301F-11D3-BF4B-00C04F79EFBC}") = "Ch05_stack_overflow", "Ch05_stack_overflow\Ch05_stack_overflow.csproj", "{A2761ACF-B452-46FF-8FB9-EE88AE41B7F4}"
EndProject
Project("{FAE04EC0-301F-11D3-BF4B-00C04F79EFBC}") = "Ch05_Heap", "Ch05_Heap\Ch05_Heap.csproj", "{4C9DFFD8-E629-4301-BBAB-6CF949787762}"
EndProject
Project("{FAE04EC0-301F-11D3-BF4B-00C04F79EFBC}") = "Ch06_DateTime", "Ch06_DateTime\Ch06_DateTime.csproj", "{AB7F310E-A108-435C-A8B2-05D1B9188DD5}"
EndProject
Project("{FAE04EC0-301F-11D3-BF4B-00C04F79EFBC}") = "Ch06_StringBuilder", "Ch06_StringBuilder\Ch06_StringBuilder.csproj", "{F9D4CBAA-B040-4651-A492-116051EF3A70}"
EndProject
Project("{FAE04EC0-301F-11D3-BF4B-00C04F79EFBC}") = "Ch06_Serialization", "Ch06_Serialization\Ch06_Serialization.csproj", "{20039168-E218-414B-9318-EE02E4F923A9}"
EndProject
Project("{FAE04EC0-301F-11D3-BF4B-00C04F79EFBC}") = "Ch06_XML_Serialization", "Ch06_XML_Serialization\Ch06_XML_Serialization.csproj", "{EF7B785E-C65F-472E-A96E-A034F653D26C}"
EndProject
Project("{FAE04EC0-301F-11D3-BF4B-00C04F79EFBC}") = "Ch06_Json_Serialization", "Ch06_Json_Serialization\Ch06_Json_Serialization.csproj", "{7707AF73-3479-4EB9-902B-7A05D533CF57}"
EndProject
Project("{FAE04EC0-301F-11D3-BF4B-00C04F79EFBC}") = "Ch06_ArrayList", "Ch06_ArrayList\Ch06_ArrayList.csproj", "{B5CB8A29-0961-44ED-9DF2-ED9CF33E900C}"
EndProject
Project("{FAE04EC0-301F-11D3-BF4B-00C04F79EFBC}") = "Ch06_Hashtable", "Ch06_Hashtable\Ch06_Hashtable.csproj", "{8134579A-10C7-47EF-873C-F8086D08AAD8}"
EndProject
Project("{FAE04EC0-301F-11D3-BF4B-00C04F79EFBC}") = "Ch06_SortedList", "Ch06_SortedList\Ch06_SortedList.csproj", "{ED180A20-AB7C-4D16-8583-31A4019FF431}"
EndProject
Project("{FAE04EC0-301F-11D3-BF4B-00C04F79EFBC}") = "Ch06_Collections_Stack", "Ch06_Collections_Stack\Ch06_Collections_Stack.csproj", "{ADFB34BB-4220-4BC3-9E1A-84059E90D0E4}"
EndProject
Project("{FAE04EC0-301F-11D3-BF4B-00C04F79EFBC}") = "Ch06_Queue", "Ch06_Queue\Ch06_Queue.csproj", "{25F424C1-A4B5-40ED-950D-2F996D6972F6}"
EndProject
Project("{FAE04EC0-301F-11D3-BF4B-00C04F79EFBC}") = "Ch06_Thread", "Ch06_Thread\Ch06_Thread.csproj", "{F1FE1648-796E-46F8-9FD3-25684D48AF46}"
EndProject
Project("{FAE04EC0-301F-11D3-BF4B-00C04F79EFBC}") = "Ch06_Thread02", "Ch06_Thread02\Ch06_Thread02.csproj", "{0C1530BA-64CF-4E61-BD9D-1805E1B1298C}"
EndProject
Project("{FAE04EC0-301F-11D3-BF4B-00C04F79EFBC}") = "Ch06_Thread_Join", "Ch06_Thread_Join\Ch06_Thread_Join.csproj", "{36D6AB2F-EF70-4F76-A1B0-64813D016495}"
EndProject
Project("{FAE04EC0-301F-11D3-BF4B-00C04F79EFBC}") = "Ch06_Thread_ThreadParam", "Ch06_Thread_ThreadParam\Ch06_Thread_ThreadParam.csproj", "{CD5ABAF6-955E-40B6-AACB-76813FC83EA2}"
EndProject
Project("{FAE04EC0-301F-11D3-BF4B-00C04F79EFBC}") = "Ch06_Thread_Calculation_App01", "Ch06_Thread_Calculation_App01\Ch06_Thread_Calculation_App01.csproj", "{37AE201B-4B77-4BD3-8766-90933072F4A2}"
EndProject
Project("{FAE04EC0-301F-11D3-BF4B-00C04F79EFBC}") = "Ch06_Thread_Calculation_App02", "Ch06_Thread_Calculation_App02\Ch06_Thread_Calculation_App02.csproj", "{0369AC04-79E1-4621-A592-296693DDA8B1}"
EndProject
Project("{FAE04EC0-301F-11D3-BF4B-00C04F79EFBC}") = "Ch06_Thread_Monitor", "Ch06_Thread_Monitor\Ch06_Thread_Monitor.csproj", "{4811C422-F3D3-4626-9DFF-6E24A06447AA}"
EndProject
Project("{FAE04EC0-301F-11D3-BF4B-00C04F79EFBC}") = "Ch06_Thread_Monitor02", "Ch06_Thread_Monitor02\Ch06_Thread_Monitor02.csproj", "{39F40E38-5EFB-43B1-842A-B37F13D4F129}"
EndProject
Project("{FAE04EC0-301F-11D3-BF4B-00C04F79EFBC}") = "Ch06_Thread_lock", "Ch06_Thread_lock\Ch06_Thread_lock.csproj", "{3102DBE1-6AD5-4025-8AF0-4953FA8A6ADC}"
EndProject
Project("{FAE04EC0-301F-11D3-BF4B-00C04F79EFBC}") = "Ch06_Thread_ThreadPool", "Ch06_Thread_ThreadPool\Ch06_Thread_ThreadPool.csproj", "{95871DE7-6179-4F04-8941-08C186C4CE9E}"
EndProject
Project("{FAE04EC0-301F-11D3-BF4B-00C04F79EFBC}") = "Ch06_Thread_Interlocked", "Ch06_Thread_Interlocked\Ch06_Thread_Interlocked.csproj", "{DF2BFC41-F0B1-4F6B-B9C4-2CFDA155DC1E}"
EndProject
Project("{FAE04EC0-301F-11D3-BF4B-00C04F79EFBC}") = "Ch06_Thread_EventWaitHandle", "Ch06_Thread_EventWaitHandle\Ch06_Thread_EventWaitHandle.csproj", "{1395DE67-2F1F-4E31-B833-9143B0EA8E32}"
EndProject
Project("{FAE04EC0-301F-11D3-BF4B-00C04F79EFBC}") = "Ch06_Thread_EventWaitHandle02", "Ch06_Thread_EventWaitHandle02\Ch06_Thread_EventWaitHandle02.csproj", "{6B38848C-C3C4-4ABA-A23D-3C0B98824A51}"
EndProject
Project("{FAE04EC0-301F-11D3-BF4B-00C04F79EFBC}") = "Ch06_async_call", "Ch06_async_call\Ch06_async_call.csproj", "{E0B80668-2A36-45CA-B1C9-A91468331D08}"
EndProject
Project("{FAE04EC0-301F-11D3-BF4B-00C04F79EFBC}") = "Ch06_async_call02", "Ch06_async_call02\Ch06_async_call02.csproj", "{457F594A-F1A8-4E4E-82AE-19DCFDE39CC7}"
EndProject
Project("{FAE04EC0-301F-11D3-BF4B-00C04F79EFBC}") = "Ch06_async_Delegate", "Ch06_async_Delegate\Ch06_async_Delegate.csproj", "{91560776-22B7-4B5A-9AC8-5F7EA99C388A}"
EndProject
Project("{FAE04EC0-301F-11D3-BF4B-00C04F79EFBC}") = "Ch06_Network_IPAddress", "Ch06_Network_IPAddress\Ch06_Network_IPAddress.csproj", "{4C1ADA7D-DCD5-46F0-8E42-6786AB53E100}"
EndProject
Project("{FAE04EC0-301F-11D3-BF4B-00C04F79EFBC}") = "Ch06_Network_IPEndPoint", "Ch06_Network_IPEndPoint\Ch06_Network_IPEndPoint.csproj", "{7C8F9F7F-BA7B-49DB-A690-78AC32549C61}"
EndProject
Project("{FAE04EC0-301F-11D3-BF4B-00C04F79EFBC}") = "Ch06_Network_DNS", "Ch06_Network_DNS\Ch06_Network_DNS.csproj", "{E75D40FD-815C-40F8-9EBF-897521D14684}"
EndProject
Project("{FAE04EC0-301F-11D3-BF4B-00C04F79EFBC}") = "Ch06_Network_Socket", "Ch06_Network_Socket\Ch06_Network_Socket.csproj", "{AA336020-53B3-412A-AE81-AD0600BAD1D2}"
EndProject
Project("{FAE04EC0-301F-11D3-BF4B-00C04F79EFBC}") = "Ch06_NetWork_Socket_UDP", "Ch06_NetWork_Socket_UDP\Ch06_NetWork_Socket_UDP.csproj", "{03EEB312-3563-4918-B30A-36AD362D5151}"
EndProject
Project("{FAE04EC0-301F-11D3-BF4B-00C04F79EFBC}") = "Ch06_Network_Socket_UDP_Server_Client", "Ch06_Network_Socket_UDP_Server_Client\Ch06_Network_Socket_UDP_Server_Client.csproj", "{08FD097C-95DC-4243-A666-EBF2E03B7E07}"
EndProject
Project("{FAE04EC0-301F-11D3-BF4B-00C04F79EFBC}") = "UDP_Socket_Test", "UDP_Socket_Test\UDP_Socket_Test.csproj", "{B49E2243-418E-49FA-98E9-3F47614ED227}"
EndProject
Project("{FAE04EC0-301F-11D3-BF4B-00C04F79EFBC}") = "Ch06_Network_Socket_TCP", "Ch06_Network_Socket_TCP\Ch06_Network_Socket_TCP.csproj", "{133F08D9-61C3-4B87-B885-29D8E995C373}"
EndProject
Project("{FAE04EC0-301F-11D3-BF4B-00C04F79EFBC}") = "Ch06_Network_Socket_TCP_MutiThread_Async", "Ch06_Network_Socket_TCP_MutiThread_Async\Ch06_Network_Socket_TCP_MutiThread_Async.csproj", "{735C26C2-6354-4FC0-9777-B1DBFDDA6198}"
EndProject
Project("{FAE04EC0-301F-11D3-BF4B-00C04F79EFBC}") = "Network_Socket_TCP_Server_test", "Network_Socket_TCP_Server_test\Network_Socket_TCP_Server_test.csproj", "{D21E1D6C-316E-4A7D-AC5E-6612798CAE36}"
EndProject
Project("{FAE04EC0-301F-11D3-BF4B-00C04F79EFBC}") = "Network_Socket_TCP_Client_test", "Network_Socket_TCP_Client_test\Network_Socket_TCP_Client_test.csproj", "{F52D2F09-BAF0-40AA-90B6-DB82895BC1C7}"
EndProject
Global
	GlobalSection(SolutionConfigurationPlatforms) = preSolution
		Debug|Any CPU = Debug|Any CPU
		Release|Any CPU = Release|Any CPU
	EndGlobalSection
	GlobalSection(ProjectConfigurationPlatforms) = postSolution
		{7CB7590C-E79D-4CC5-8EA6-7BD902E3CAD5}.Debug|Any CPU.ActiveCfg = Debug|Any CPU
		{7CB7590C-E79D-4CC5-8EA6-7BD902E3CAD5}.Debug|Any CPU.Build.0 = Debug|Any CPU
		{7CB7590C-E79D-4CC5-8EA6-7BD902E3CAD5}.Release|Any CPU.ActiveCfg = Release|Any CPU
		{7CB7590C-E79D-4CC5-8EA6-7BD902E3CAD5}.Release|Any CPU.Build.0 = Release|Any CPU
		{955575C8-6E62-44B7-9DA3-25B265D65898}.Debug|Any CPU.ActiveCfg = Debug|Any CPU
		{955575C8-6E62-44B7-9DA3-25B265D65898}.Debug|Any CPU.Build.0 = Debug|Any CPU
		{955575C8-6E62-44B7-9DA3-25B265D65898}.Release|Any CPU.ActiveCfg = Release|Any CPU
		{955575C8-6E62-44B7-9DA3-25B265D65898}.Release|Any CPU.Build.0 = Release|Any CPU
		{DC7AFB9E-FDDA-4DCD-AD40-5EA2F282FA73}.Debug|Any CPU.ActiveCfg = Debug|Any CPU
		{DC7AFB9E-FDDA-4DCD-AD40-5EA2F282FA73}.Debug|Any CPU.Build.0 = Debug|Any CPU
		{DC7AFB9E-FDDA-4DCD-AD40-5EA2F282FA73}.Release|Any CPU.ActiveCfg = Release|Any CPU
		{DC7AFB9E-FDDA-4DCD-AD40-5EA2F282FA73}.Release|Any CPU.Build.0 = Release|Any CPU
		{B5D0D30F-6EC4-4E2D-B734-0EDA3C2479CF}.Debug|Any CPU.ActiveCfg = Debug|Any CPU
		{B5D0D30F-6EC4-4E2D-B734-0EDA3C2479CF}.Debug|Any CPU.Build.0 = Debug|Any CPU
		{B5D0D30F-6EC4-4E2D-B734-0EDA3C2479CF}.Release|Any CPU.ActiveCfg = Release|Any CPU
		{B5D0D30F-6EC4-4E2D-B734-0EDA3C2479CF}.Release|Any CPU.Build.0 = Release|Any CPU
		{74B24779-73D8-4C8D-9363-D708DE337C4E}.Debug|Any CPU.ActiveCfg = Debug|Any CPU
		{74B24779-73D8-4C8D-9363-D708DE337C4E}.Debug|Any CPU.Build.0 = Debug|Any CPU
		{74B24779-73D8-4C8D-9363-D708DE337C4E}.Release|Any CPU.ActiveCfg = Release|Any CPU
		{74B24779-73D8-4C8D-9363-D708DE337C4E}.Release|Any CPU.Build.0 = Release|Any CPU
		{3C71C4F2-FD54-482A-BB7A-1EE0513E827E}.Debug|Any CPU.ActiveCfg = Debug|Any CPU
		{3C71C4F2-FD54-482A-BB7A-1EE0513E827E}.Debug|Any CPU.Build.0 = Debug|Any CPU
		{3C71C4F2-FD54-482A-BB7A-1EE0513E827E}.Release|Any CPU.ActiveCfg = Release|Any CPU
		{3C71C4F2-FD54-482A-BB7A-1EE0513E827E}.Release|Any CPU.Build.0 = Release|Any CPU
		{8BDB3EAC-B9F4-4CD5-9C3E-FB29FD60BB5B}.Debug|Any CPU.ActiveCfg = Debug|Any CPU
		{8BDB3EAC-B9F4-4CD5-9C3E-FB29FD60BB5B}.Debug|Any CPU.Build.0 = Debug|Any CPU
		{8BDB3EAC-B9F4-4CD5-9C3E-FB29FD60BB5B}.Release|Any CPU.ActiveCfg = Release|Any CPU
		{8BDB3EAC-B9F4-4CD5-9C3E-FB29FD60BB5B}.Release|Any CPU.Build.0 = Release|Any CPU
		{8C47E772-7379-4528-974C-39D155D449E5}.Debug|Any CPU.ActiveCfg = Debug|Any CPU
		{8C47E772-7379-4528-974C-39D155D449E5}.Debug|Any CPU.Build.0 = Debug|Any CPU
		{8C47E772-7379-4528-974C-39D155D449E5}.Release|Any CPU.ActiveCfg = Release|Any CPU
		{8C47E772-7379-4528-974C-39D155D449E5}.Release|Any CPU.Build.0 = Release|Any CPU
		{C8898D27-A973-4BBF-B6BF-1F4EAB095513}.Debug|Any CPU.ActiveCfg = Debug|Any CPU
		{C8898D27-A973-4BBF-B6BF-1F4EAB095513}.Debug|Any CPU.Build.0 = Debug|Any CPU
		{C8898D27-A973-4BBF-B6BF-1F4EAB095513}.Release|Any CPU.ActiveCfg = Release|Any CPU
		{C8898D27-A973-4BBF-B6BF-1F4EAB095513}.Release|Any CPU.Build.0 = Release|Any CPU
		{1AB04CED-5805-4D31-84FC-DF9FD4FC36E8}.Debug|Any CPU.ActiveCfg = Debug|Any CPU
		{1AB04CED-5805-4D31-84FC-DF9FD4FC36E8}.Debug|Any CPU.Build.0 = Debug|Any CPU
		{1AB04CED-5805-4D31-84FC-DF9FD4FC36E8}.Release|Any CPU.ActiveCfg = Release|Any CPU
		{1AB04CED-5805-4D31-84FC-DF9FD4FC36E8}.Release|Any CPU.Build.0 = Release|Any CPU
		{A3C7F03E-33EF-4AEF-ADA7-70F4C2D46026}.Debug|Any CPU.ActiveCfg = Debug|Any CPU
		{A3C7F03E-33EF-4AEF-ADA7-70F4C2D46026}.Debug|Any CPU.Build.0 = Debug|Any CPU
		{A3C7F03E-33EF-4AEF-ADA7-70F4C2D46026}.Release|Any CPU.ActiveCfg = Release|Any CPU
		{A3C7F03E-33EF-4AEF-ADA7-70F4C2D46026}.Release|Any CPU.Build.0 = Release|Any CPU
		{390A7F8E-346F-4E48-B099-BA2E1B28CC10}.Debug|Any CPU.ActiveCfg = Debug|Any CPU
		{390A7F8E-346F-4E48-B099-BA2E1B28CC10}.Debug|Any CPU.Build.0 = Debug|Any CPU
		{390A7F8E-346F-4E48-B099-BA2E1B28CC10}.Release|Any CPU.ActiveCfg = Release|Any CPU
		{390A7F8E-346F-4E48-B099-BA2E1B28CC10}.Release|Any CPU.Build.0 = Release|Any CPU
		{EBE35D18-F2A9-4EBD-ADCC-76C5F716990C}.Debug|Any CPU.ActiveCfg = Debug|Any CPU
		{EBE35D18-F2A9-4EBD-ADCC-76C5F716990C}.Debug|Any CPU.Build.0 = Debug|Any CPU
		{EBE35D18-F2A9-4EBD-ADCC-76C5F716990C}.Release|Any CPU.ActiveCfg = Release|Any CPU
		{EBE35D18-F2A9-4EBD-ADCC-76C5F716990C}.Release|Any CPU.Build.0 = Release|Any CPU
		{349E621A-F7F4-44E5-B56C-B2DA546E717A}.Debug|Any CPU.ActiveCfg = Debug|Any CPU
		{349E621A-F7F4-44E5-B56C-B2DA546E717A}.Debug|Any CPU.Build.0 = Debug|Any CPU
		{349E621A-F7F4-44E5-B56C-B2DA546E717A}.Release|Any CPU.ActiveCfg = Release|Any CPU
		{349E621A-F7F4-44E5-B56C-B2DA546E717A}.Release|Any CPU.Build.0 = Release|Any CPU
		{7EF2464F-86B2-4D14-8C75-5EF437F9AB0D}.Debug|Any CPU.ActiveCfg = Debug|Any CPU
		{7EF2464F-86B2-4D14-8C75-5EF437F9AB0D}.Debug|Any CPU.Build.0 = Debug|Any CPU
		{7EF2464F-86B2-4D14-8C75-5EF437F9AB0D}.Release|Any CPU.ActiveCfg = Release|Any CPU
		{7EF2464F-86B2-4D14-8C75-5EF437F9AB0D}.Release|Any CPU.Build.0 = Release|Any CPU
		{73560372-48D9-BCBB-DD65-2B12E2EF136F}.Debug|Any CPU.ActiveCfg = Debug|Any CPU
		{73560372-48D9-BCBB-DD65-2B12E2EF136F}.Debug|Any CPU.Build.0 = Debug|Any CPU
		{73560372-48D9-BCBB-DD65-2B12E2EF136F}.Release|Any CPU.ActiveCfg = Release|Any CPU
		{73560372-48D9-BCBB-DD65-2B12E2EF136F}.Release|Any CPU.Build.0 = Release|Any CPU
		{1117C75F-AB64-45C0-8A71-813C3CEFF4A8}.Debug|Any CPU.ActiveCfg = Debug|Any CPU
		{1117C75F-AB64-45C0-8A71-813C3CEFF4A8}.Debug|Any CPU.Build.0 = Debug|Any CPU
		{1117C75F-AB64-45C0-8A71-813C3CEFF4A8}.Release|Any CPU.ActiveCfg = Release|Any CPU
		{1117C75F-AB64-45C0-8A71-813C3CEFF4A8}.Release|Any CPU.Build.0 = Release|Any CPU
		{CB549FDC-FEEC-4892-89BC-D1CD534BEEFA}.Debug|Any CPU.ActiveCfg = Debug|Any CPU
		{CB549FDC-FEEC-4892-89BC-D1CD534BEEFA}.Debug|Any CPU.Build.0 = Debug|Any CPU
		{CB549FDC-FEEC-4892-89BC-D1CD534BEEFA}.Release|Any CPU.ActiveCfg = Release|Any CPU
		{CB549FDC-FEEC-4892-89BC-D1CD534BEEFA}.Release|Any CPU.Build.0 = Release|Any CPU
		{33676FE2-2A7A-4243-818E-4B6D5F399A65}.Debug|Any CPU.ActiveCfg = Debug|Any CPU
		{33676FE2-2A7A-4243-818E-4B6D5F399A65}.Debug|Any CPU.Build.0 = Debug|Any CPU
		{33676FE2-2A7A-4243-818E-4B6D5F399A65}.Release|Any CPU.ActiveCfg = Release|Any CPU
		{33676FE2-2A7A-4243-818E-4B6D5F399A65}.Release|Any CPU.Build.0 = Release|Any CPU
		{16337836-DD7E-4CE8-B2F5-28376FC61F3C}.Debug|Any CPU.ActiveCfg = Debug|Any CPU
		{16337836-DD7E-4CE8-B2F5-28376FC61F3C}.Debug|Any CPU.Build.0 = Debug|Any CPU
		{16337836-DD7E-4CE8-B2F5-28376FC61F3C}.Release|Any CPU.ActiveCfg = Release|Any CPU
		{16337836-DD7E-4CE8-B2F5-28376FC61F3C}.Release|Any CPU.Build.0 = Release|Any CPU
		{ACE34AB9-BF10-4575-90D6-7046EE69FE76}.Debug|Any CPU.ActiveCfg = Debug|Any CPU
		{ACE34AB9-BF10-4575-90D6-7046EE69FE76}.Debug|Any CPU.Build.0 = Debug|Any CPU
		{ACE34AB9-BF10-4575-90D6-7046EE69FE76}.Release|Any CPU.ActiveCfg = Release|Any CPU
		{ACE34AB9-BF10-4575-90D6-7046EE69FE76}.Release|Any CPU.Build.0 = Release|Any CPU
		{76CA3F83-B8CB-4853-AFF3-FE36A1D66907}.Debug|Any CPU.ActiveCfg = Debug|Any CPU
		{76CA3F83-B8CB-4853-AFF3-FE36A1D66907}.Debug|Any CPU.Build.0 = Debug|Any CPU
		{76CA3F83-B8CB-4853-AFF3-FE36A1D66907}.Release|Any CPU.ActiveCfg = Release|Any CPU
		{76CA3F83-B8CB-4853-AFF3-FE36A1D66907}.Release|Any CPU.Build.0 = Release|Any CPU
		{0D1A47C4-D1FA-4E87-BD7D-0ED50EF43E4D}.Debug|Any CPU.ActiveCfg = Debug|Any CPU
		{0D1A47C4-D1FA-4E87-BD7D-0ED50EF43E4D}.Debug|Any CPU.Build.0 = Debug|Any CPU
		{0D1A47C4-D1FA-4E87-BD7D-0ED50EF43E4D}.Release|Any CPU.ActiveCfg = Release|Any CPU
		{0D1A47C4-D1FA-4E87-BD7D-0ED50EF43E4D}.Release|Any CPU.Build.0 = Release|Any CPU
		{E9C453F8-22A9-4895-A039-132ADCF342CB}.Debug|Any CPU.ActiveCfg = Debug|Any CPU
		{E9C453F8-22A9-4895-A039-132ADCF342CB}.Debug|Any CPU.Build.0 = Debug|Any CPU
		{E9C453F8-22A9-4895-A039-132ADCF342CB}.Release|Any CPU.ActiveCfg = Release|Any CPU
		{E9C453F8-22A9-4895-A039-132ADCF342CB}.Release|Any CPU.Build.0 = Release|Any CPU
		{8CFEE9C0-0C66-40F6-BF49-B75CD1CBBA70}.Debug|Any CPU.ActiveCfg = Debug|Any CPU
		{8CFEE9C0-0C66-40F6-BF49-B75CD1CBBA70}.Debug|Any CPU.Build.0 = Debug|Any CPU
		{8CFEE9C0-0C66-40F6-BF49-B75CD1CBBA70}.Release|Any CPU.ActiveCfg = Release|Any CPU
		{8CFEE9C0-0C66-40F6-BF49-B75CD1CBBA70}.Release|Any CPU.Build.0 = Release|Any CPU
		{9D4C0A28-233C-499B-8611-F5E890A85887}.Debug|Any CPU.ActiveCfg = Debug|Any CPU
		{9D4C0A28-233C-499B-8611-F5E890A85887}.Debug|Any CPU.Build.0 = Debug|Any CPU
		{9D4C0A28-233C-499B-8611-F5E890A85887}.Release|Any CPU.ActiveCfg = Release|Any CPU
		{9D4C0A28-233C-499B-8611-F5E890A85887}.Release|Any CPU.Build.0 = Release|Any CPU
		{471A2375-529E-42FA-86A1-BAADFEF65CC8}.Debug|Any CPU.ActiveCfg = Debug|Any CPU
		{471A2375-529E-42FA-86A1-BAADFEF65CC8}.Debug|Any CPU.Build.0 = Debug|Any CPU
		{471A2375-529E-42FA-86A1-BAADFEF65CC8}.Release|Any CPU.ActiveCfg = Release|Any CPU
		{471A2375-529E-42FA-86A1-BAADFEF65CC8}.Release|Any CPU.Build.0 = Release|Any CPU
		{27E881DD-0563-4A5D-932B-AF927C613382}.Debug|Any CPU.ActiveCfg = Debug|Any CPU
		{27E881DD-0563-4A5D-932B-AF927C613382}.Debug|Any CPU.Build.0 = Debug|Any CPU
		{27E881DD-0563-4A5D-932B-AF927C613382}.Release|Any CPU.ActiveCfg = Release|Any CPU
		{27E881DD-0563-4A5D-932B-AF927C613382}.Release|Any CPU.Build.0 = Release|Any CPU
		{602ABD0C-7B7A-4E67-A289-35225DE45468}.Debug|Any CPU.ActiveCfg = Debug|Any CPU
		{602ABD0C-7B7A-4E67-A289-35225DE45468}.Debug|Any CPU.Build.0 = Debug|Any CPU
		{602ABD0C-7B7A-4E67-A289-35225DE45468}.Release|Any CPU.ActiveCfg = Release|Any CPU
		{602ABD0C-7B7A-4E67-A289-35225DE45468}.Release|Any CPU.Build.0 = Release|Any CPU
		{E9DA31AA-D9C3-466B-A997-8896717E940B}.Debug|Any CPU.ActiveCfg = Debug|Any CPU
		{E9DA31AA-D9C3-466B-A997-8896717E940B}.Debug|Any CPU.Build.0 = Debug|Any CPU
		{E9DA31AA-D9C3-466B-A997-8896717E940B}.Release|Any CPU.ActiveCfg = Release|Any CPU
		{E9DA31AA-D9C3-466B-A997-8896717E940B}.Release|Any CPU.Build.0 = Release|Any CPU
		{99701AC2-7801-44FD-91E9-5A9D7285A3CE}.Debug|Any CPU.ActiveCfg = Debug|Any CPU
		{99701AC2-7801-44FD-91E9-5A9D7285A3CE}.Debug|Any CPU.Build.0 = Debug|Any CPU
		{99701AC2-7801-44FD-91E9-5A9D7285A3CE}.Release|Any CPU.ActiveCfg = Release|Any CPU
		{99701AC2-7801-44FD-91E9-5A9D7285A3CE}.Release|Any CPU.Build.0 = Release|Any CPU
		{DF7B1640-DD1C-48D2-B29E-11E989EF8951}.Debug|Any CPU.ActiveCfg = Debug|Any CPU
		{DF7B1640-DD1C-48D2-B29E-11E989EF8951}.Debug|Any CPU.Build.0 = Debug|Any CPU
		{DF7B1640-DD1C-48D2-B29E-11E989EF8951}.Release|Any CPU.ActiveCfg = Release|Any CPU
		{DF7B1640-DD1C-48D2-B29E-11E989EF8951}.Release|Any CPU.Build.0 = Release|Any CPU
		{C122564F-AA07-44EB-AC06-BC671FBF9B4C}.Debug|Any CPU.ActiveCfg = Debug|Any CPU
		{C122564F-AA07-44EB-AC06-BC671FBF9B4C}.Debug|Any CPU.Build.0 = Debug|Any CPU
		{C122564F-AA07-44EB-AC06-BC671FBF9B4C}.Release|Any CPU.ActiveCfg = Release|Any CPU
		{C122564F-AA07-44EB-AC06-BC671FBF9B4C}.Release|Any CPU.Build.0 = Release|Any CPU
		{C8060775-E655-4F67-9B4D-E83367053A6D}.Debug|Any CPU.ActiveCfg = Debug|Any CPU
		{C8060775-E655-4F67-9B4D-E83367053A6D}.Debug|Any CPU.Build.0 = Debug|Any CPU
		{C8060775-E655-4F67-9B4D-E83367053A6D}.Release|Any CPU.ActiveCfg = Release|Any CPU
		{C8060775-E655-4F67-9B4D-E83367053A6D}.Release|Any CPU.Build.0 = Release|Any CPU
		{7AB6832D-83FC-491A-8BA2-2ED62756B8D8}.Debug|Any CPU.ActiveCfg = Debug|Any CPU
		{7AB6832D-83FC-491A-8BA2-2ED62756B8D8}.Debug|Any CPU.Build.0 = Debug|Any CPU
		{7AB6832D-83FC-491A-8BA2-2ED62756B8D8}.Release|Any CPU.ActiveCfg = Release|Any CPU
		{7AB6832D-83FC-491A-8BA2-2ED62756B8D8}.Release|Any CPU.Build.0 = Release|Any CPU
		{695A5793-87CF-484E-8158-E7A7AE8D3E3F}.Debug|Any CPU.ActiveCfg = Debug|Any CPU
		{695A5793-87CF-484E-8158-E7A7AE8D3E3F}.Debug|Any CPU.Build.0 = Debug|Any CPU
		{695A5793-87CF-484E-8158-E7A7AE8D3E3F}.Release|Any CPU.ActiveCfg = Release|Any CPU
		{695A5793-87CF-484E-8158-E7A7AE8D3E3F}.Release|Any CPU.Build.0 = Release|Any CPU
		{7EABDBE9-EC50-408C-B33B-982A701CEEAE}.Debug|Any CPU.ActiveCfg = Debug|Any CPU
		{7EABDBE9-EC50-408C-B33B-982A701CEEAE}.Debug|Any CPU.Build.0 = Debug|Any CPU
		{7EABDBE9-EC50-408C-B33B-982A701CEEAE}.Release|Any CPU.ActiveCfg = Release|Any CPU
		{7EABDBE9-EC50-408C-B33B-982A701CEEAE}.Release|Any CPU.Build.0 = Release|Any CPU
		{F8E5E3BC-D66C-48F5-B3AB-B59720042600}.Debug|Any CPU.ActiveCfg = Debug|Any CPU
		{F8E5E3BC-D66C-48F5-B3AB-B59720042600}.Debug|Any CPU.Build.0 = Debug|Any CPU
		{F8E5E3BC-D66C-48F5-B3AB-B59720042600}.Release|Any CPU.ActiveCfg = Release|Any CPU
		{F8E5E3BC-D66C-48F5-B3AB-B59720042600}.Release|Any CPU.Build.0 = Release|Any CPU
		{6799E48E-238A-4214-89DD-0B1F3125F7AE}.Debug|Any CPU.ActiveCfg = Debug|Any CPU
		{6799E48E-238A-4214-89DD-0B1F3125F7AE}.Debug|Any CPU.Build.0 = Debug|Any CPU
		{6799E48E-238A-4214-89DD-0B1F3125F7AE}.Release|Any CPU.ActiveCfg = Release|Any CPU
		{6799E48E-238A-4214-89DD-0B1F3125F7AE}.Release|Any CPU.Build.0 = Release|Any CPU
		{6BB8CFDC-8F34-4BF3-BDE2-47BD988667A0}.Debug|Any CPU.ActiveCfg = Debug|Any CPU
		{6BB8CFDC-8F34-4BF3-BDE2-47BD988667A0}.Debug|Any CPU.Build.0 = Debug|Any CPU
		{6BB8CFDC-8F34-4BF3-BDE2-47BD988667A0}.Release|Any CPU.ActiveCfg = Release|Any CPU
		{6BB8CFDC-8F34-4BF3-BDE2-47BD988667A0}.Release|Any CPU.Build.0 = Release|Any CPU
		{701029FE-0D9F-4AB7-A7BB-09E0C4E58BEB}.Debug|Any CPU.ActiveCfg = Debug|Any CPU
		{701029FE-0D9F-4AB7-A7BB-09E0C4E58BEB}.Debug|Any CPU.Build.0 = Debug|Any CPU
		{701029FE-0D9F-4AB7-A7BB-09E0C4E58BEB}.Release|Any CPU.ActiveCfg = Release|Any CPU
		{701029FE-0D9F-4AB7-A7BB-09E0C4E58BEB}.Release|Any CPU.Build.0 = Release|Any CPU
		{371DDF8B-6D00-4E6B-90B4-4A622E959D5D}.Debug|Any CPU.ActiveCfg = Debug|Any CPU
		{371DDF8B-6D00-4E6B-90B4-4A622E959D5D}.Debug|Any CPU.Build.0 = Debug|Any CPU
		{371DDF8B-6D00-4E6B-90B4-4A622E959D5D}.Release|Any CPU.ActiveCfg = Release|Any CPU
		{371DDF8B-6D00-4E6B-90B4-4A622E959D5D}.Release|Any CPU.Build.0 = Release|Any CPU
		{DD92977B-64EE-4AFD-96F7-33D72097B023}.Debug|Any CPU.ActiveCfg = Debug|Any CPU
		{DD92977B-64EE-4AFD-96F7-33D72097B023}.Debug|Any CPU.Build.0 = Debug|Any CPU
		{DD92977B-64EE-4AFD-96F7-33D72097B023}.Release|Any CPU.ActiveCfg = Release|Any CPU
		{DD92977B-64EE-4AFD-96F7-33D72097B023}.Release|Any CPU.Build.0 = Release|Any CPU
		{BBB80B95-2C33-45FE-9BF0-678A840B0985}.Debug|Any CPU.ActiveCfg = Debug|Any CPU
		{BBB80B95-2C33-45FE-9BF0-678A840B0985}.Debug|Any CPU.Build.0 = Debug|Any CPU
		{BBB80B95-2C33-45FE-9BF0-678A840B0985}.Release|Any CPU.ActiveCfg = Release|Any CPU
		{BBB80B95-2C33-45FE-9BF0-678A840B0985}.Release|Any CPU.Build.0 = Release|Any CPU
		{4322BF06-FB18-4C39-B521-7591B2FD32DB}.Debug|Any CPU.ActiveCfg = Debug|Any CPU
		{4322BF06-FB18-4C39-B521-7591B2FD32DB}.Debug|Any CPU.Build.0 = Debug|Any CPU
		{4322BF06-FB18-4C39-B521-7591B2FD32DB}.Release|Any CPU.ActiveCfg = Release|Any CPU
		{4322BF06-FB18-4C39-B521-7591B2FD32DB}.Release|Any CPU.Build.0 = Release|Any CPU
		{A2761ACF-B452-46FF-8FB9-EE88AE41B7F4}.Debug|Any CPU.ActiveCfg = Debug|Any CPU
		{A2761ACF-B452-46FF-8FB9-EE88AE41B7F4}.Debug|Any CPU.Build.0 = Debug|Any CPU
		{A2761ACF-B452-46FF-8FB9-EE88AE41B7F4}.Release|Any CPU.ActiveCfg = Release|Any CPU
		{A2761ACF-B452-46FF-8FB9-EE88AE41B7F4}.Release|Any CPU.Build.0 = Release|Any CPU
		{4C9DFFD8-E629-4301-BBAB-6CF949787762}.Debug|Any CPU.ActiveCfg = Debug|Any CPU
		{4C9DFFD8-E629-4301-BBAB-6CF949787762}.Debug|Any CPU.Build.0 = Debug|Any CPU
		{4C9DFFD8-E629-4301-BBAB-6CF949787762}.Release|Any CPU.ActiveCfg = Release|Any CPU
		{4C9DFFD8-E629-4301-BBAB-6CF949787762}.Release|Any CPU.Build.0 = Release|Any CPU
		{AB7F310E-A108-435C-A8B2-05D1B9188DD5}.Debug|Any CPU.ActiveCfg = Debug|Any CPU
		{AB7F310E-A108-435C-A8B2-05D1B9188DD5}.Debug|Any CPU.Build.0 = Debug|Any CPU
		{AB7F310E-A108-435C-A8B2-05D1B9188DD5}.Release|Any CPU.ActiveCfg = Release|Any CPU
		{AB7F310E-A108-435C-A8B2-05D1B9188DD5}.Release|Any CPU.Build.0 = Release|Any CPU
		{F9D4CBAA-B040-4651-A492-116051EF3A70}.Debug|Any CPU.ActiveCfg = Debug|Any CPU
		{F9D4CBAA-B040-4651-A492-116051EF3A70}.Debug|Any CPU.Build.0 = Debug|Any CPU
		{F9D4CBAA-B040-4651-A492-116051EF3A70}.Release|Any CPU.ActiveCfg = Release|Any CPU
		{F9D4CBAA-B040-4651-A492-116051EF3A70}.Release|Any CPU.Build.0 = Release|Any CPU
		{20039168-E218-414B-9318-EE02E4F923A9}.Debug|Any CPU.ActiveCfg = Debug|Any CPU
		{20039168-E218-414B-9318-EE02E4F923A9}.Debug|Any CPU.Build.0 = Debug|Any CPU
		{20039168-E218-414B-9318-EE02E4F923A9}.Release|Any CPU.ActiveCfg = Release|Any CPU
		{20039168-E218-414B-9318-EE02E4F923A9}.Release|Any CPU.Build.0 = Release|Any CPU
		{EF7B785E-C65F-472E-A96E-A034F653D26C}.Debug|Any CPU.ActiveCfg = Debug|Any CPU
		{EF7B785E-C65F-472E-A96E-A034F653D26C}.Debug|Any CPU.Build.0 = Debug|Any CPU
		{EF7B785E-C65F-472E-A96E-A034F653D26C}.Release|Any CPU.ActiveCfg = Release|Any CPU
		{EF7B785E-C65F-472E-A96E-A034F653D26C}.Release|Any CPU.Build.0 = Release|Any CPU
		{7707AF73-3479-4EB9-902B-7A05D533CF57}.Debug|Any CPU.ActiveCfg = Debug|Any CPU
		{7707AF73-3479-4EB9-902B-7A05D533CF57}.Debug|Any CPU.Build.0 = Debug|Any CPU
		{7707AF73-3479-4EB9-902B-7A05D533CF57}.Release|Any CPU.ActiveCfg = Release|Any CPU
		{7707AF73-3479-4EB9-902B-7A05D533CF57}.Release|Any CPU.Build.0 = Release|Any CPU
		{B5CB8A29-0961-44ED-9DF2-ED9CF33E900C}.Debug|Any CPU.ActiveCfg = Debug|Any CPU
		{B5CB8A29-0961-44ED-9DF2-ED9CF33E900C}.Debug|Any CPU.Build.0 = Debug|Any CPU
		{B5CB8A29-0961-44ED-9DF2-ED9CF33E900C}.Release|Any CPU.ActiveCfg = Release|Any CPU
		{B5CB8A29-0961-44ED-9DF2-ED9CF33E900C}.Release|Any CPU.Build.0 = Release|Any CPU
		{8134579A-10C7-47EF-873C-F8086D08AAD8}.Debug|Any CPU.ActiveCfg = Debug|Any CPU
		{8134579A-10C7-47EF-873C-F8086D08AAD8}.Debug|Any CPU.Build.0 = Debug|Any CPU
		{8134579A-10C7-47EF-873C-F8086D08AAD8}.Release|Any CPU.ActiveCfg = Release|Any CPU
		{8134579A-10C7-47EF-873C-F8086D08AAD8}.Release|Any CPU.Build.0 = Release|Any CPU
		{ED180A20-AB7C-4D16-8583-31A4019FF431}.Debug|Any CPU.ActiveCfg = Debug|Any CPU
		{ED180A20-AB7C-4D16-8583-31A4019FF431}.Debug|Any CPU.Build.0 = Debug|Any CPU
		{ED180A20-AB7C-4D16-8583-31A4019FF431}.Release|Any CPU.ActiveCfg = Release|Any CPU
		{ED180A20-AB7C-4D16-8583-31A4019FF431}.Release|Any CPU.Build.0 = Release|Any CPU
		{ADFB34BB-4220-4BC3-9E1A-84059E90D0E4}.Debug|Any CPU.ActiveCfg = Debug|Any CPU
		{ADFB34BB-4220-4BC3-9E1A-84059E90D0E4}.Debug|Any CPU.Build.0 = Debug|Any CPU
		{ADFB34BB-4220-4BC3-9E1A-84059E90D0E4}.Release|Any CPU.ActiveCfg = Release|Any CPU
		{ADFB34BB-4220-4BC3-9E1A-84059E90D0E4}.Release|Any CPU.Build.0 = Release|Any CPU
		{25F424C1-A4B5-40ED-950D-2F996D6972F6}.Debug|Any CPU.ActiveCfg = Debug|Any CPU
		{25F424C1-A4B5-40ED-950D-2F996D6972F6}.Debug|Any CPU.Build.0 = Debug|Any CPU
		{25F424C1-A4B5-40ED-950D-2F996D6972F6}.Release|Any CPU.ActiveCfg = Release|Any CPU
		{25F424C1-A4B5-40ED-950D-2F996D6972F6}.Release|Any CPU.Build.0 = Release|Any CPU
		{F1FE1648-796E-46F8-9FD3-25684D48AF46}.Debug|Any CPU.ActiveCfg = Debug|Any CPU
		{F1FE1648-796E-46F8-9FD3-25684D48AF46}.Debug|Any CPU.Build.0 = Debug|Any CPU
		{F1FE1648-796E-46F8-9FD3-25684D48AF46}.Release|Any CPU.ActiveCfg = Release|Any CPU
		{F1FE1648-796E-46F8-9FD3-25684D48AF46}.Release|Any CPU.Build.0 = Release|Any CPU
		{0C1530BA-64CF-4E61-BD9D-1805E1B1298C}.Debug|Any CPU.ActiveCfg = Debug|Any CPU
		{0C1530BA-64CF-4E61-BD9D-1805E1B1298C}.Debug|Any CPU.Build.0 = Debug|Any CPU
		{0C1530BA-64CF-4E61-BD9D-1805E1B1298C}.Release|Any CPU.ActiveCfg = Release|Any CPU
		{0C1530BA-64CF-4E61-BD9D-1805E1B1298C}.Release|Any CPU.Build.0 = Release|Any CPU
		{36D6AB2F-EF70-4F76-A1B0-64813D016495}.Debug|Any CPU.ActiveCfg = Debug|Any CPU
		{36D6AB2F-EF70-4F76-A1B0-64813D016495}.Debug|Any CPU.Build.0 = Debug|Any CPU
		{36D6AB2F-EF70-4F76-A1B0-64813D016495}.Release|Any CPU.ActiveCfg = Release|Any CPU
		{36D6AB2F-EF70-4F76-A1B0-64813D016495}.Release|Any CPU.Build.0 = Release|Any CPU
		{CD5ABAF6-955E-40B6-AACB-76813FC83EA2}.Debug|Any CPU.ActiveCfg = Debug|Any CPU
		{CD5ABAF6-955E-40B6-AACB-76813FC83EA2}.Debug|Any CPU.Build.0 = Debug|Any CPU
		{CD5ABAF6-955E-40B6-AACB-76813FC83EA2}.Release|Any CPU.ActiveCfg = Release|Any CPU
		{CD5ABAF6-955E-40B6-AACB-76813FC83EA2}.Release|Any CPU.Build.0 = Release|Any CPU
		{37AE201B-4B77-4BD3-8766-90933072F4A2}.Debug|Any CPU.ActiveCfg = Debug|Any CPU
		{37AE201B-4B77-4BD3-8766-90933072F4A2}.Debug|Any CPU.Build.0 = Debug|Any CPU
		{37AE201B-4B77-4BD3-8766-90933072F4A2}.Release|Any CPU.ActiveCfg = Release|Any CPU
		{37AE201B-4B77-4BD3-8766-90933072F4A2}.Release|Any CPU.Build.0 = Release|Any CPU
		{0369AC04-79E1-4621-A592-296693DDA8B1}.Debug|Any CPU.ActiveCfg = Debug|Any CPU
		{0369AC04-79E1-4621-A592-296693DDA8B1}.Debug|Any CPU.Build.0 = Debug|Any CPU
		{0369AC04-79E1-4621-A592-296693DDA8B1}.Release|Any CPU.ActiveCfg = Release|Any CPU
		{0369AC04-79E1-4621-A592-296693DDA8B1}.Release|Any CPU.Build.0 = Release|Any CPU
		{4811C422-F3D3-4626-9DFF-6E24A06447AA}.Debug|Any CPU.ActiveCfg = Debug|Any CPU
		{4811C422-F3D3-4626-9DFF-6E24A06447AA}.Debug|Any CPU.Build.0 = Debug|Any CPU
		{4811C422-F3D3-4626-9DFF-6E24A06447AA}.Release|Any CPU.ActiveCfg = Release|Any CPU
		{4811C422-F3D3-4626-9DFF-6E24A06447AA}.Release|Any CPU.Build.0 = Release|Any CPU
		{39F40E38-5EFB-43B1-842A-B37F13D4F129}.Debug|Any CPU.ActiveCfg = Debug|Any CPU
		{39F40E38-5EFB-43B1-842A-B37F13D4F129}.Debug|Any CPU.Build.0 = Debug|Any CPU
		{39F40E38-5EFB-43B1-842A-B37F13D4F129}.Release|Any CPU.ActiveCfg = Release|Any CPU
		{39F40E38-5EFB-43B1-842A-B37F13D4F129}.Release|Any CPU.Build.0 = Release|Any CPU
		{3102DBE1-6AD5-4025-8AF0-4953FA8A6ADC}.Debug|Any CPU.ActiveCfg = Debug|Any CPU
		{3102DBE1-6AD5-4025-8AF0-4953FA8A6ADC}.Debug|Any CPU.Build.0 = Debug|Any CPU
		{3102DBE1-6AD5-4025-8AF0-4953FA8A6ADC}.Release|Any CPU.ActiveCfg = Release|Any CPU
		{3102DBE1-6AD5-4025-8AF0-4953FA8A6ADC}.Release|Any CPU.Build.0 = Release|Any CPU
		{95871DE7-6179-4F04-8941-08C186C4CE9E}.Debug|Any CPU.ActiveCfg = Debug|Any CPU
		{95871DE7-6179-4F04-8941-08C186C4CE9E}.Debug|Any CPU.Build.0 = Debug|Any CPU
		{95871DE7-6179-4F04-8941-08C186C4CE9E}.Release|Any CPU.ActiveCfg = Release|Any CPU
		{95871DE7-6179-4F04-8941-08C186C4CE9E}.Release|Any CPU.Build.0 = Release|Any CPU
		{DF2BFC41-F0B1-4F6B-B9C4-2CFDA155DC1E}.Debug|Any CPU.ActiveCfg = Debug|Any CPU
		{DF2BFC41-F0B1-4F6B-B9C4-2CFDA155DC1E}.Debug|Any CPU.Build.0 = Debug|Any CPU
		{DF2BFC41-F0B1-4F6B-B9C4-2CFDA155DC1E}.Release|Any CPU.ActiveCfg = Release|Any CPU
		{DF2BFC41-F0B1-4F6B-B9C4-2CFDA155DC1E}.Release|Any CPU.Build.0 = Release|Any CPU
		{1395DE67-2F1F-4E31-B833-9143B0EA8E32}.Debug|Any CPU.ActiveCfg = Debug|Any CPU
		{1395DE67-2F1F-4E31-B833-9143B0EA8E32}.Debug|Any CPU.Build.0 = Debug|Any CPU
		{1395DE67-2F1F-4E31-B833-9143B0EA8E32}.Release|Any CPU.ActiveCfg = Release|Any CPU
		{1395DE67-2F1F-4E31-B833-9143B0EA8E32}.Release|Any CPU.Build.0 = Release|Any CPU
		{6B38848C-C3C4-4ABA-A23D-3C0B98824A51}.Debug|Any CPU.ActiveCfg = Debug|Any CPU
		{6B38848C-C3C4-4ABA-A23D-3C0B98824A51}.Debug|Any CPU.Build.0 = Debug|Any CPU
		{6B38848C-C3C4-4ABA-A23D-3C0B98824A51}.Release|Any CPU.ActiveCfg = Release|Any CPU
		{6B38848C-C3C4-4ABA-A23D-3C0B98824A51}.Release|Any CPU.Build.0 = Release|Any CPU
		{E0B80668-2A36-45CA-B1C9-A91468331D08}.Debug|Any CPU.ActiveCfg = Debug|Any CPU
		{E0B80668-2A36-45CA-B1C9-A91468331D08}.Debug|Any CPU.Build.0 = Debug|Any CPU
		{E0B80668-2A36-45CA-B1C9-A91468331D08}.Release|Any CPU.ActiveCfg = Release|Any CPU
		{E0B80668-2A36-45CA-B1C9-A91468331D08}.Release|Any CPU.Build.0 = Release|Any CPU
		{457F594A-F1A8-4E4E-82AE-19DCFDE39CC7}.Debug|Any CPU.ActiveCfg = Debug|Any CPU
		{457F594A-F1A8-4E4E-82AE-19DCFDE39CC7}.Debug|Any CPU.Build.0 = Debug|Any CPU
		{457F594A-F1A8-4E4E-82AE-19DCFDE39CC7}.Release|Any CPU.ActiveCfg = Release|Any CPU
		{457F594A-F1A8-4E4E-82AE-19DCFDE39CC7}.Release|Any CPU.Build.0 = Release|Any CPU
		{91560776-22B7-4B5A-9AC8-5F7EA99C388A}.Debug|Any CPU.ActiveCfg = Debug|Any CPU
		{91560776-22B7-4B5A-9AC8-5F7EA99C388A}.Debug|Any CPU.Build.0 = Debug|Any CPU
		{91560776-22B7-4B5A-9AC8-5F7EA99C388A}.Release|Any CPU.ActiveCfg = Release|Any CPU
		{91560776-22B7-4B5A-9AC8-5F7EA99C388A}.Release|Any CPU.Build.0 = Release|Any CPU
		{4C1ADA7D-DCD5-46F0-8E42-6786AB53E100}.Debug|Any CPU.ActiveCfg = Debug|Any CPU
		{4C1ADA7D-DCD5-46F0-8E42-6786AB53E100}.Debug|Any CPU.Build.0 = Debug|Any CPU
		{4C1ADA7D-DCD5-46F0-8E42-6786AB53E100}.Release|Any CPU.ActiveCfg = Release|Any CPU
		{4C1ADA7D-DCD5-46F0-8E42-6786AB53E100}.Release|Any CPU.Build.0 = Release|Any CPU
		{7C8F9F7F-BA7B-49DB-A690-78AC32549C61}.Debug|Any CPU.ActiveCfg = Debug|Any CPU
		{7C8F9F7F-BA7B-49DB-A690-78AC32549C61}.Debug|Any CPU.Build.0 = Debug|Any CPU
		{7C8F9F7F-BA7B-49DB-A690-78AC32549C61}.Release|Any CPU.ActiveCfg = Release|Any CPU
		{7C8F9F7F-BA7B-49DB-A690-78AC32549C61}.Release|Any CPU.Build.0 = Release|Any CPU
		{E75D40FD-815C-40F8-9EBF-897521D14684}.Debug|Any CPU.ActiveCfg = Debug|Any CPU
		{E75D40FD-815C-40F8-9EBF-897521D14684}.Debug|Any CPU.Build.0 = Debug|Any CPU
		{E75D40FD-815C-40F8-9EBF-897521D14684}.Release|Any CPU.ActiveCfg = Release|Any CPU
		{E75D40FD-815C-40F8-9EBF-897521D14684}.Release|Any CPU.Build.0 = Release|Any CPU
		{AA336020-53B3-412A-AE81-AD0600BAD1D2}.Debug|Any CPU.ActiveCfg = Debug|Any CPU
		{AA336020-53B3-412A-AE81-AD0600BAD1D2}.Debug|Any CPU.Build.0 = Debug|Any CPU
		{AA336020-53B3-412A-AE81-AD0600BAD1D2}.Release|Any CPU.ActiveCfg = Release|Any CPU
		{AA336020-53B3-412A-AE81-AD0600BAD1D2}.Release|Any CPU.Build.0 = Release|Any CPU
		{03EEB312-3563-4918-B30A-36AD362D5151}.Debug|Any CPU.ActiveCfg = Debug|Any CPU
		{03EEB312-3563-4918-B30A-36AD362D5151}.Debug|Any CPU.Build.0 = Debug|Any CPU
		{03EEB312-3563-4918-B30A-36AD362D5151}.Release|Any CPU.ActiveCfg = Release|Any CPU
		{03EEB312-3563-4918-B30A-36AD362D5151}.Release|Any CPU.Build.0 = Release|Any CPU
		{08FD097C-95DC-4243-A666-EBF2E03B7E07}.Debug|Any CPU.ActiveCfg = Debug|Any CPU
		{08FD097C-95DC-4243-A666-EBF2E03B7E07}.Debug|Any CPU.Build.0 = Debug|Any CPU
		{08FD097C-95DC-4243-A666-EBF2E03B7E07}.Release|Any CPU.ActiveCfg = Release|Any CPU
		{08FD097C-95DC-4243-A666-EBF2E03B7E07}.Release|Any CPU.Build.0 = Release|Any CPU
		{B49E2243-418E-49FA-98E9-3F47614ED227}.Debug|Any CPU.ActiveCfg = Debug|Any CPU
		{B49E2243-418E-49FA-98E9-3F47614ED227}.Debug|Any CPU.Build.0 = Debug|Any CPU
		{B49E2243-418E-49FA-98E9-3F47614ED227}.Release|Any CPU.ActiveCfg = Release|Any CPU
		{B49E2243-418E-49FA-98E9-3F47614ED227}.Release|Any CPU.Build.0 = Release|Any CPU
		{133F08D9-61C3-4B87-B885-29D8E995C373}.Debug|Any CPU.ActiveCfg = Debug|Any CPU
		{133F08D9-61C3-4B87-B885-29D8E995C373}.Debug|Any CPU.Build.0 = Debug|Any CPU
		{133F08D9-61C3-4B87-B885-29D8E995C373}.Release|Any CPU.ActiveCfg = Release|Any CPU
		{133F08D9-61C3-4B87-B885-29D8E995C373}.Release|Any CPU.Build.0 = Release|Any CPU
		{735C26C2-6354-4FC0-9777-B1DBFDDA6198}.Debug|Any CPU.ActiveCfg = Debug|Any CPU
		{735C26C2-6354-4FC0-9777-B1DBFDDA6198}.Debug|Any CPU.Build.0 = Debug|Any CPU
		{735C26C2-6354-4FC0-9777-B1DBFDDA6198}.Release|Any CPU.ActiveCfg = Release|Any CPU
		{735C26C2-6354-4FC0-9777-B1DBFDDA6198}.Release|Any CPU.Build.0 = Release|Any CPU
		{D21E1D6C-316E-4A7D-AC5E-6612798CAE36}.Debug|Any CPU.ActiveCfg = Debug|Any CPU
		{D21E1D6C-316E-4A7D-AC5E-6612798CAE36}.Debug|Any CPU.Build.0 = Debug|Any CPU
		{D21E1D6C-316E-4A7D-AC5E-6612798CAE36}.Release|Any CPU.ActiveCfg = Release|Any CPU
		{D21E1D6C-316E-4A7D-AC5E-6612798CAE36}.Release|Any CPU.Build.0 = Release|Any CPU
		{F52D2F09-BAF0-40AA-90B6-DB82895BC1C7}.Debug|Any CPU.ActiveCfg = Debug|Any CPU
		{F52D2F09-BAF0-40AA-90B6-DB82895BC1C7}.Debug|Any CPU.Build.0 = Debug|Any CPU
		{F52D2F09-BAF0-40AA-90B6-DB82895BC1C7}.Release|Any CPU.ActiveCfg = Release|Any CPU
		{F52D2F09-BAF0-40AA-90B6-DB82895BC1C7}.Release|Any CPU.Build.0 = Release|Any CPU
	EndGlobalSection
	GlobalSection(SolutionProperties) = preSolution
		HideSolutionNode = FALSE
	EndGlobalSection
	GlobalSection(ExtensibilityGlobals) = postSolution
		SolutionGuid = {F124D471-8B82-46F3-8665-85D28A74D44A}
	EndGlobalSection
EndGlobal
