
Microsoft Visual Studio Solution File, Format Version 12.00
# Visual Studio Version 17
VisualStudioVersion = 17.13.35931.197 d17.13
MinimumVisualStudioVersion = 10.0.40219.1
Project("{FAE04EC0-301F-11D3-BF4B-00C04F79EFBC}") = "ConsoleApp2", "ConsoleApp2\ConsoleApp2.csproj", "{5F2D595B-B03C-4DDE-8E83-207DB78B1F83}"
EndProject
Project("{FAE04EC0-301F-11D3-BF4B-00C04F79EFBC}") = "SyntaxWinApp01", "SyntaxWinApp01\SyntaxWinApp01.csproj", "{26D6340D-1A97-4CB0-81CE-2EEEBED4A0D3}"
EndProject
Project("{FAE04EC0-301F-11D3-BF4B-00C04F79EFBC}") = "SyntaxWinApp02", "SyntaxWinApp02\SyntaxWinApp02.csproj", "{554790A7-DEBD-42F7-9701-F6EF209E8E8E}"
EndProject
Project("{FAE04EC0-301F-11D3-BF4B-00C04F79EFBC}") = "SyntaxWinApp03", "SyntaxWinApp03\SyntaxWinApp03.csproj", "{FC00F07B-A287-4C1D-9619-B7781027C3B7}"
EndProject
Project("{FAE04EC0-301F-11D3-BF4B-00C04F79EFBC}") = "SyntaxWinApp04", "SyntaxWinApp04\SyntaxWinApp04.csproj", "{E80E949A-03E8-480D-9031-9E5E080A529B}"
EndProject
Global
	GlobalSection(SolutionConfigurationPlatforms) = preSolution
		Debug|Any CPU = Debug|Any CPU
		Release|Any CPU = Release|Any CPU
	EndGlobalSection
	GlobalSection(ProjectConfigurationPlatforms) = postSolution
		{5F2D595B-B03C-4DDE-8E83-207DB78B1F83}.Debug|Any CPU.ActiveCfg = Debug|Any CPU
		{5F2D595B-B03C-4DDE-8E83-207DB78B1F83}.Debug|Any CPU.Build.0 = Debug|Any CPU
		{5F2D595B-B03C-4DDE-8E83-207DB78B1F83}.Release|Any CPU.ActiveCfg = Release|Any CPU
		{5F2D595B-B03C-4DDE-8E83-207DB78B1F83}.Release|Any CPU.Build.0 = Release|Any CPU
		{26D6340D-1A97-4CB0-81CE-2EEEBED4A0D3}.Debug|Any CPU.ActiveCfg = Debug|Any CPU
		{26D6340D-1A97-4CB0-81CE-2EEEBED4A0D3}.Debug|Any CPU.Build.0 = Debug|Any CPU
		{26D6340D-1A97-4CB0-81CE-2EEEBED4A0D3}.Release|Any CPU.ActiveCfg = Release|Any CPU
		{26D6340D-1A97-4CB0-81CE-2EEEBED4A0D3}.Release|Any CPU.Build.0 = Release|Any CPU
		{554790A7-DEBD-42F7-9701-F6EF209E8E8E}.Debug|Any CPU.ActiveCfg = Debug|Any CPU
		{554790A7-DEBD-42F7-9701-F6EF209E8E8E}.Debug|Any CPU.Build.0 = Debug|Any CPU
		{554790A7-DEBD-42F7-9701-F6EF209E8E8E}.Release|Any CPU.ActiveCfg = Release|Any CPU
		{554790A7-DEBD-42F7-9701-F6EF209E8E8E}.Release|Any CPU.Build.0 = Release|Any CPU
		{FC00F07B-A287-4C1D-9619-B7781027C3B7}.Debug|Any CPU.ActiveCfg = Debug|Any CPU
		{FC00F07B-A287-4C1D-9619-B7781027C3B7}.Debug|Any CPU.Build.0 = Debug|Any CPU
		{FC00F07B-A287-4C1D-9619-B7781027C3B7}.Release|Any CPU.ActiveCfg = Release|Any CPU
		{FC00F07B-A287-4C1D-9619-B7781027C3B7}.Release|Any CPU.Build.0 = Release|Any CPU
		{E80E949A-03E8-480D-9031-9E5E080A529B}.Debug|Any CPU.ActiveCfg = Debug|Any CPU
		{E80E949A-03E8-480D-9031-9E5E080A529B}.Debug|Any CPU.Build.0 = Debug|Any CPU
		{E80E949A-03E8-480D-9031-9E5E080A529B}.Release|Any CPU.ActiveCfg = Release|Any CPU
		{E80E949A-03E8-480D-9031-9E5E080A529B}.Release|Any CPU.Build.0 = Release|Any CPU
	EndGlobalSection
	GlobalSection(SolutionProperties) = preSolution
		HideSolutionNode = FALSE
	EndGlobalSection
	GlobalSection(ExtensibilityGlobals) = postSolution
		SolutionGuid = {3851CF6A-03C7-47A3-8E22-92C4FAAC4CCA}
	EndGlobalSection
EndGlobal
